// !$*UTF8*$!
{
	archiveVersion = 1;
	classes = {
	};
	objectVersion = 50;
	objects = {

/* Begin PBXBuildFile section */
		684013832103C4D600D7063A /* ChordMaster.xcdatamodeld in Sources */ = {isa = PBXBuildFile; fileRef = 6840137F2103C4D600D7063A /* ChordMaster.xcdatamodeld */; };
		684C43AE211F65AA005F1230 /* 6-11.aif in Resources */ = {isa = PBXBuildFile; fileRef = 684C4353211F6597005F1230 /* 6-11.aif */; };
		684C43AF211F65AA005F1230 /* 1-4.aif in Resources */ = {isa = PBXBuildFile; fileRef = 684C4354211F6597005F1230 /* 1-4.aif */; };
		684C43B0211F65AA005F1230 /* 5-5.aif in Resources */ = {isa = PBXBuildFile; fileRef = 684C4355211F6597005F1230 /* 5-5.aif */; };
		684C43B1211F65AA005F1230 /* 3-2.aif in Resources */ = {isa = PBXBuildFile; fileRef = 684C4356211F6597005F1230 /* 3-2.aif */; };
		684C43B2211F65AA005F1230 /* 3-1.aif in Resources */ = {isa = PBXBuildFile; fileRef = 684C4357211F6598005F1230 /* 3-1.aif */; };
		684C43B3211F65AA005F1230 /* 6-3.aif in Resources */ = {isa = PBXBuildFile; fileRef = 684C4358211F6598005F1230 /* 6-3.aif */; };
		684C43B4211F65AA005F1230 /* 3-8.aif in Resources */ = {isa = PBXBuildFile; fileRef = 684C4359211F6598005F1230 /* 3-8.aif */; };
		684C43B5211F65AA005F1230 /* 7-0.aif in Resources */ = {isa = PBXBuildFile; fileRef = 684C435A211F6598005F1230 /* 7-0.aif */; };
		684C43B6211F65AA005F1230 /* 7-3.aif in Resources */ = {isa = PBXBuildFile; fileRef = 684C435B211F6598005F1230 /* 7-3.aif */; };
		684C43B7211F65AA005F1230 /* 6-2.aif in Resources */ = {isa = PBXBuildFile; fileRef = 684C435C211F6598005F1230 /* 6-2.aif */; };
		684C43B8211F65AA005F1230 /* 4-5.aif in Resources */ = {isa = PBXBuildFile; fileRef = 684C435D211F6598005F1230 /* 4-5.aif */; };
		684C43B9211F65AA005F1230 /* 3-3.aif in Resources */ = {isa = PBXBuildFile; fileRef = 684C435E211F6599005F1230 /* 3-3.aif */; };
		684C43BA211F65AA005F1230 /* 2-6.aif in Resources */ = {isa = PBXBuildFile; fileRef = 684C435F211F6599005F1230 /* 2-6.aif */; };
		684C43BB211F65AA005F1230 /* 3-5.aif in Resources */ = {isa = PBXBuildFile; fileRef = 684C4360211F6599005F1230 /* 3-5.aif */; };
		684C43BC211F65AA005F1230 /* 2-4.aif in Resources */ = {isa = PBXBuildFile; fileRef = 684C4361211F6599005F1230 /* 2-4.aif */; };
		684C43BD211F65AA005F1230 /* 2-8.aif in Resources */ = {isa = PBXBuildFile; fileRef = 684C4362211F6599005F1230 /* 2-8.aif */; };
		684C43BE211F65AA005F1230 /* 3-11.aif in Resources */ = {isa = PBXBuildFile; fileRef = 684C4363211F6599005F1230 /* 3-11.aif */; };
		684C43BF211F65AA005F1230 /* 4-1.aif in Resources */ = {isa = PBXBuildFile; fileRef = 684C4364211F6599005F1230 /* 4-1.aif */; };
		684C43C0211F65AA005F1230 /* 4-2.aif in Resources */ = {isa = PBXBuildFile; fileRef = 684C4365211F659A005F1230 /* 4-2.aif */; };
		684C43C1211F65AA005F1230 /* 5-0.aif in Resources */ = {isa = PBXBuildFile; fileRef = 684C4366211F659A005F1230 /* 5-0.aif */; };
		684C43C2211F65AA005F1230 /* 6-4.aif in Resources */ = {isa = PBXBuildFile; fileRef = 684C4367211F659A005F1230 /* 6-4.aif */; };
		684C43C3211F65AA005F1230 /* 7-1.aif in Resources */ = {isa = PBXBuildFile; fileRef = 684C4368211F659A005F1230 /* 7-1.aif */; };
		684C43C4211F65AA005F1230 /* 7-4.aif in Resources */ = {isa = PBXBuildFile; fileRef = 684C4369211F659A005F1230 /* 7-4.aif */; };
		684C43C5211F65AA005F1230 /* 7-5.aif in Resources */ = {isa = PBXBuildFile; fileRef = 684C436A211F659A005F1230 /* 7-5.aif */; };
		684C43C6211F65AA005F1230 /* 7-2.aif in Resources */ = {isa = PBXBuildFile; fileRef = 684C436B211F659B005F1230 /* 7-2.aif */; };
		684C43C7211F65AA005F1230 /* 7-9.aif in Resources */ = {isa = PBXBuildFile; fileRef = 684C436C211F659B005F1230 /* 7-9.aif */; };
		684C43C8211F65AA005F1230 /* 7-10.aif in Resources */ = {isa = PBXBuildFile; fileRef = 684C436D211F659B005F1230 /* 7-10.aif */; };
		684C43C9211F65AA005F1230 /* 8-1.aif in Resources */ = {isa = PBXBuildFile; fileRef = 684C436E211F659B005F1230 /* 8-1.aif */; };
		684C43CA211F65AA005F1230 /* 6-8.aif in Resources */ = {isa = PBXBuildFile; fileRef = 684C436F211F659B005F1230 /* 6-8.aif */; };
		684C43CB211F65AA005F1230 /* 2-1.aif in Resources */ = {isa = PBXBuildFile; fileRef = 684C4370211F659C005F1230 /* 2-1.aif */; };
		684C43CC211F65AA005F1230 /* 1-11.aif in Resources */ = {isa = PBXBuildFile; fileRef = 684C4371211F659C005F1230 /* 1-11.aif */; };
		684C43CD211F65AA005F1230 /* 3-4.aif in Resources */ = {isa = PBXBuildFile; fileRef = 684C4372211F659C005F1230 /* 3-4.aif */; };
		684C43CE211F65AA005F1230 /* 1-7.aif in Resources */ = {isa = PBXBuildFile; fileRef = 684C4373211F659C005F1230 /* 1-7.aif */; };
		684C43CF211F65AA005F1230 /* 1-8.aif in Resources */ = {isa = PBXBuildFile; fileRef = 684C4374211F659D005F1230 /* 1-8.aif */; };
		684C43D0211F65AA005F1230 /* 2-7.aif in Resources */ = {isa = PBXBuildFile; fileRef = 684C4375211F659D005F1230 /* 2-7.aif */; };
		684C43D1211F65AA005F1230 /* 4-0.aif in Resources */ = {isa = PBXBuildFile; fileRef = 684C4376211F659D005F1230 /* 4-0.aif */; };
		684C43D2211F65AA005F1230 /* 5-4.aif in Resources */ = {isa = PBXBuildFile; fileRef = 684C4377211F659D005F1230 /* 5-4.aif */; };
		684C43D3211F65AA005F1230 /* 3-0.aif in Resources */ = {isa = PBXBuildFile; fileRef = 684C4378211F659D005F1230 /* 3-0.aif */; };
		684C43D4211F65AA005F1230 /* 5-10.aif in Resources */ = {isa = PBXBuildFile; fileRef = 684C4379211F659E005F1230 /* 5-10.aif */; };
		684C43D5211F65AA005F1230 /* 6-5.aif in Resources */ = {isa = PBXBuildFile; fileRef = 684C437A211F659E005F1230 /* 6-5.aif */; };
		684C43D6211F65AA005F1230 /* 1-10.aif in Resources */ = {isa = PBXBuildFile; fileRef = 684C437B211F659E005F1230 /* 1-10.aif */; };
		684C43D7211F65AA005F1230 /* 2-10.aif in Resources */ = {isa = PBXBuildFile; fileRef = 684C437C211F659E005F1230 /* 2-10.aif */; };
		684C43D8211F65AA005F1230 /* 1-6.aif in Resources */ = {isa = PBXBuildFile; fileRef = 684C437D211F659E005F1230 /* 1-6.aif */; };
		684C43D9211F65AA005F1230 /* 3-7.aif in Resources */ = {isa = PBXBuildFile; fileRef = 684C437E211F659F005F1230 /* 3-7.aif */; };
		684C43DA211F65AA005F1230 /* 6-10.aif in Resources */ = {isa = PBXBuildFile; fileRef = 684C437F211F659F005F1230 /* 6-10.aif */; };
		684C43DB211F65AA005F1230 /* 8-3.aif in Resources */ = {isa = PBXBuildFile; fileRef = 684C4380211F659F005F1230 /* 8-3.aif */; };
		684C43DC211F65AA005F1230 /* 6-0.aif in Resources */ = {isa = PBXBuildFile; fileRef = 684C4381211F659F005F1230 /* 6-0.aif */; };
		684C43DD211F65AA005F1230 /* 2-11.aif in Resources */ = {isa = PBXBuildFile; fileRef = 684C4382211F659F005F1230 /* 2-11.aif */; };
		684C43DE211F65AA005F1230 /* 8-2.aif in Resources */ = {isa = PBXBuildFile; fileRef = 684C4383211F65A0005F1230 /* 8-2.aif */; };
		684C43DF211F65AA005F1230 /* 8-5.aif in Resources */ = {isa = PBXBuildFile; fileRef = 684C4384211F65A0005F1230 /* 8-5.aif */; };
		684C43E0211F65AA005F1230 /* 8-7.aif in Resources */ = {isa = PBXBuildFile; fileRef = 684C4385211F65A0005F1230 /* 8-7.aif */; };
		684C43E1211F65AA005F1230 /* 5-7.aif in Resources */ = {isa = PBXBuildFile; fileRef = 684C4386211F65A0005F1230 /* 5-7.aif */; };
		684C43E2211F65AA005F1230 /* 5-3.aif in Resources */ = {isa = PBXBuildFile; fileRef = 684C4387211F65A0005F1230 /* 5-3.aif */; };
		684C43E3211F65AA005F1230 /* 5-9.aif in Resources */ = {isa = PBXBuildFile; fileRef = 684C4388211F65A1005F1230 /* 5-9.aif */; };
		684C43E4211F65AA005F1230 /* 5-11.aif in Resources */ = {isa = PBXBuildFile; fileRef = 684C4389211F65A1005F1230 /* 5-11.aif */; };
		684C43E5211F65AA005F1230 /* 5-6.aif in Resources */ = {isa = PBXBuildFile; fileRef = 684C438A211F65A1005F1230 /* 5-6.aif */; };
		684C43E6211F65AA005F1230 /* 1-1.aif in Resources */ = {isa = PBXBuildFile; fileRef = 684C438B211F65A1005F1230 /* 1-1.aif */; };
		684C43E7211F65AA005F1230 /* 7-11.aif in Resources */ = {isa = PBXBuildFile; fileRef = 684C438C211F65A1005F1230 /* 7-11.aif */; };
		684C43E8211F65AA005F1230 /* 3-9.aif in Resources */ = {isa = PBXBuildFile; fileRef = 684C438D211F65A2005F1230 /* 3-9.aif */; };
		684C43E9211F65AA005F1230 /* 2-0.aif in Resources */ = {isa = PBXBuildFile; fileRef = 684C438E211F65A2005F1230 /* 2-0.aif */; };
		684C43EA211F65AA005F1230 /* 5-1.aif in Resources */ = {isa = PBXBuildFile; fileRef = 684C438F211F65A2005F1230 /* 5-1.aif */; };
		684C43EB211F65AA005F1230 /* 3-6.aif in Resources */ = {isa = PBXBuildFile; fileRef = 684C4390211F65A2005F1230 /* 3-6.aif */; };
		684C43EC211F65AA005F1230 /* 2-9.aif in Resources */ = {isa = PBXBuildFile; fileRef = 684C4391211F65A2005F1230 /* 2-9.aif */; };
		684C43ED211F65AA005F1230 /* 1-2.aif in Resources */ = {isa = PBXBuildFile; fileRef = 684C4392211F65A3005F1230 /* 1-2.aif */; };
		684C43EE211F65AA005F1230 /* 1-9.aif in Resources */ = {isa = PBXBuildFile; fileRef = 684C4393211F65A3005F1230 /* 1-9.aif */; };
		684C43EF211F65AA005F1230 /* 6-1.aif in Resources */ = {isa = PBXBuildFile; fileRef = 684C4394211F65A3005F1230 /* 6-1.aif */; };
		684C43F0211F65AA005F1230 /* 2-5.aif in Resources */ = {isa = PBXBuildFile; fileRef = 684C4395211F65A3005F1230 /* 2-5.aif */; };
		684C43F1211F65AA005F1230 /* 4-8.aif in Resources */ = {isa = PBXBuildFile; fileRef = 684C4396211F65A4005F1230 /* 4-8.aif */; };
		684C43F2211F65AA005F1230 /* 4-4.aif in Resources */ = {isa = PBXBuildFile; fileRef = 684C4397211F65A4005F1230 /* 4-4.aif */; };
		684C43F3211F65AA005F1230 /* 4-9.aif in Resources */ = {isa = PBXBuildFile; fileRef = 684C4398211F65A4005F1230 /* 4-9.aif */; };
		684C43F4211F65AA005F1230 /* 4-11.aif in Resources */ = {isa = PBXBuildFile; fileRef = 684C4399211F65A4005F1230 /* 4-11.aif */; };
		684C43F5211F65AA005F1230 /* 5-8.aif in Resources */ = {isa = PBXBuildFile; fileRef = 684C439A211F65A4005F1230 /* 5-8.aif */; };
		684C43F6211F65AA005F1230 /* 1-3.aif in Resources */ = {isa = PBXBuildFile; fileRef = 684C439B211F65A5005F1230 /* 1-3.aif */; };
		684C43F7211F65AA005F1230 /* 4-3.aif in Resources */ = {isa = PBXBuildFile; fileRef = 684C439C211F65A5005F1230 /* 4-3.aif */; };
		684C43F8211F65AA005F1230 /* 2-3.aif in Resources */ = {isa = PBXBuildFile; fileRef = 684C439D211F65A5005F1230 /* 2-3.aif */; };
		684C43F9211F65AA005F1230 /* 7-6.aif in Resources */ = {isa = PBXBuildFile; fileRef = 684C439E211F65A5005F1230 /* 7-6.aif */; };
		684C43FA211F65AA005F1230 /* 4-10.aif in Resources */ = {isa = PBXBuildFile; fileRef = 684C439F211F65A5005F1230 /* 4-10.aif */; };
		684C43FB211F65AA005F1230 /* 7-7.aif in Resources */ = {isa = PBXBuildFile; fileRef = 684C43A0211F65A6005F1230 /* 7-7.aif */; };
		684C43FC211F65AA005F1230 /* 8-6.aif in Resources */ = {isa = PBXBuildFile; fileRef = 684C43A1211F65A6005F1230 /* 8-6.aif */; };
		684C43FD211F65AA005F1230 /* 6-7.aif in Resources */ = {isa = PBXBuildFile; fileRef = 684C43A2211F65A6005F1230 /* 6-7.aif */; };
		684C43FE211F65AA005F1230 /* 4-7.aif in Resources */ = {isa = PBXBuildFile; fileRef = 684C43A3211F65A6005F1230 /* 4-7.aif */; };
		684C43FF211F65AA005F1230 /* 7-8.aif in Resources */ = {isa = PBXBuildFile; fileRef = 684C43A4211F65A7005F1230 /* 7-8.aif */; };
		684C4400211F65AA005F1230 /* 2-2.aif in Resources */ = {isa = PBXBuildFile; fileRef = 684C43A5211F65A7005F1230 /* 2-2.aif */; };
		684C4401211F65AA005F1230 /* 8-4.aif in Resources */ = {isa = PBXBuildFile; fileRef = 684C43A6211F65A8005F1230 /* 8-4.aif */; };
		684C4402211F65AA005F1230 /* 6-9.aif in Resources */ = {isa = PBXBuildFile; fileRef = 684C43A7211F65A8005F1230 /* 6-9.aif */; };
		684C4403211F65AA005F1230 /* 4-6.aif in Resources */ = {isa = PBXBuildFile; fileRef = 684C43A8211F65A8005F1230 /* 4-6.aif */; };
		684C4404211F65AA005F1230 /* 1-0.aif in Resources */ = {isa = PBXBuildFile; fileRef = 684C43A9211F65A9005F1230 /* 1-0.aif */; };
		684C4405211F65AA005F1230 /* 6-6.aif in Resources */ = {isa = PBXBuildFile; fileRef = 684C43AA211F65A9005F1230 /* 6-6.aif */; };
		684C4406211F65AA005F1230 /* 5-2.aif in Resources */ = {isa = PBXBuildFile; fileRef = 684C43AB211F65A9005F1230 /* 5-2.aif */; };
		684C4407211F65AA005F1230 /* 3-10.aif in Resources */ = {isa = PBXBuildFile; fileRef = 684C43AC211F65A9005F1230 /* 3-10.aif */; };
		684C4408211F65AA005F1230 /* 1-5.aif in Resources */ = {isa = PBXBuildFile; fileRef = 684C43AD211F65AA005F1230 /* 1-5.aif */; };
		687846FF2103D5B50094EB78 /* BasicNote+CoreDataClass.swift in Sources */ = {isa = PBXBuildFile; fileRef = 687846F92103D5B50094EB78 /* BasicNote+CoreDataClass.swift */; };
		687847002103D5B50094EB78 /* BasicNote+CoreDataProperties.swift in Sources */ = {isa = PBXBuildFile; fileRef = 687846FA2103D5B50094EB78 /* BasicNote+CoreDataProperties.swift */; };
		687847012103D5B50094EB78 /* ChordBase+CoreDataClass.swift in Sources */ = {isa = PBXBuildFile; fileRef = 687846FB2103D5B50094EB78 /* ChordBase+CoreDataClass.swift */; };
		687847022103D5B50094EB78 /* ChordBase+CoreDataProperties.swift in Sources */ = {isa = PBXBuildFile; fileRef = 687846FC2103D5B50094EB78 /* ChordBase+CoreDataProperties.swift */; };
		687847032103D5B50094EB78 /* Chord+CoreDataClass.swift in Sources */ = {isa = PBXBuildFile; fileRef = 687846FD2103D5B50094EB78 /* Chord+CoreDataClass.swift */; };
		687847042103D5B50094EB78 /* Chord+CoreDataProperties.swift in Sources */ = {isa = PBXBuildFile; fileRef = 687846FE2103D5B50094EB78 /* Chord+CoreDataProperties.swift */; };
		688F785A2110F7A8009A4F8A /* chordBarCell.swift in Sources */ = {isa = PBXBuildFile; fileRef = 688F78592110F7A8009A4F8A /* chordBarCell.swift */; };
		68D2DC7120EFEECF00B225DC /* Const.swift in Sources */ = {isa = PBXBuildFile; fileRef = 68D2DC7020EFEECF00B225DC /* Const.swift */; };
		68D2DC7720F2A38500B225DC /* ChordCell.swift in Sources */ = {isa = PBXBuildFile; fileRef = 68D2DC7620F2A38500B225DC /* ChordCell.swift */; };
		68FFBEAA20EAB8A600379616 /* AppDelegate.swift in Sources */ = {isa = PBXBuildFile; fileRef = 68FFBEA920EAB8A600379616 /* AppDelegate.swift */; };
		68FFBEAC20EAB8A600379616 /* MainViewController.swift in Sources */ = {isa = PBXBuildFile; fileRef = 68FFBEAB20EAB8A600379616 /* MainViewController.swift */; };
		68FFBEAF20EAB8A600379616 /* Main.storyboard in Resources */ = {isa = PBXBuildFile; fileRef = 68FFBEAD20EAB8A600379616 /* Main.storyboard */; };
		68FFBEB420EAB8AA00379616 /* Assets.xcassets in Resources */ = {isa = PBXBuildFile; fileRef = 68FFBEB320EAB8AA00379616 /* Assets.xcassets */; };
		68FFBEB720EAB8AA00379616 /* LaunchScreen.storyboard in Resources */ = {isa = PBXBuildFile; fileRef = 68FFBEB520EAB8AA00379616 /* LaunchScreen.storyboard */; };
		68FFBED720EB60AE00379616 /* Chords.swift in Sources */ = {isa = PBXBuildFile; fileRef = 68FFBED620EB60AE00379616 /* Chords.swift */; };
		68FFBED920EB61E200379616 /* Notes.swift in Sources */ = {isa = PBXBuildFile; fileRef = 68FFBED820EB61E200379616 /* Notes.swift */; };
		68FFBEDF20EC8C9900379616 /* Utils.swift in Sources */ = {isa = PBXBuildFile; fileRef = 68FFBEDE20EC8C9900379616 /* Utils.swift */; };
		68FFBEE120ED6AE900379616 /* DBAccess.swift in Sources */ = {isa = PBXBuildFile; fileRef = 68FFBEE020ED6AE900379616 /* DBAccess.swift */; };
/* End PBXBuildFile section */

/* Begin PBXFileReference section */
		684013802103C4D600D7063A /* ChordMaster.xcdatamodel */ = {isa = PBXFileReference; lastKnownFileType = wrapper.xcdatamodel; path = ChordMaster.xcdatamodel; sourceTree = "<group>"; };
		684C4353211F6597005F1230 /* 6-11.aif */ = {isa = PBXFileReference; lastKnownFileType = file; path = "6-11.aif"; sourceTree = "<group>"; };
		684C4354211F6597005F1230 /* 1-4.aif */ = {isa = PBXFileReference; lastKnownFileType = file; path = "1-4.aif"; sourceTree = "<group>"; };
		684C4355211F6597005F1230 /* 5-5.aif */ = {isa = PBXFileReference; lastKnownFileType = file; path = "5-5.aif"; sourceTree = "<group>"; };
		684C4356211F6597005F1230 /* 3-2.aif */ = {isa = PBXFileReference; lastKnownFileType = file; path = "3-2.aif"; sourceTree = "<group>"; };
		684C4357211F6598005F1230 /* 3-1.aif */ = {isa = PBXFileReference; lastKnownFileType = file; path = "3-1.aif"; sourceTree = "<group>"; };
		684C4358211F6598005F1230 /* 6-3.aif */ = {isa = PBXFileReference; lastKnownFileType = file; path = "6-3.aif"; sourceTree = "<group>"; };
		684C4359211F6598005F1230 /* 3-8.aif */ = {isa = PBXFileReference; lastKnownFileType = file; path = "3-8.aif"; sourceTree = "<group>"; };
		684C435A211F6598005F1230 /* 7-0.aif */ = {isa = PBXFileReference; lastKnownFileType = file; path = "7-0.aif"; sourceTree = "<group>"; };
		684C435B211F6598005F1230 /* 7-3.aif */ = {isa = PBXFileReference; lastKnownFileType = file; path = "7-3.aif"; sourceTree = "<group>"; };
		684C435C211F6598005F1230 /* 6-2.aif */ = {isa = PBXFileReference; lastKnownFileType = file; path = "6-2.aif"; sourceTree = "<group>"; };
		684C435D211F6598005F1230 /* 4-5.aif */ = {isa = PBXFileReference; lastKnownFileType = file; path = "4-5.aif"; sourceTree = "<group>"; };
		684C435E211F6599005F1230 /* 3-3.aif */ = {isa = PBXFileReference; lastKnownFileType = file; path = "3-3.aif"; sourceTree = "<group>"; };
		684C435F211F6599005F1230 /* 2-6.aif */ = {isa = PBXFileReference; lastKnownFileType = file; path = "2-6.aif"; sourceTree = "<group>"; };
		684C4360211F6599005F1230 /* 3-5.aif */ = {isa = PBXFileReference; lastKnownFileType = file; path = "3-5.aif"; sourceTree = "<group>"; };
		684C4361211F6599005F1230 /* 2-4.aif */ = {isa = PBXFileReference; lastKnownFileType = file; path = "2-4.aif"; sourceTree = "<group>"; };
		684C4362211F6599005F1230 /* 2-8.aif */ = {isa = PBXFileReference; lastKnownFileType = file; path = "2-8.aif"; sourceTree = "<group>"; };
		684C4363211F6599005F1230 /* 3-11.aif */ = {isa = PBXFileReference; lastKnownFileType = file; path = "3-11.aif"; sourceTree = "<group>"; };
		684C4364211F6599005F1230 /* 4-1.aif */ = {isa = PBXFileReference; lastKnownFileType = file; path = "4-1.aif"; sourceTree = "<group>"; };
		684C4365211F659A005F1230 /* 4-2.aif */ = {isa = PBXFileReference; lastKnownFileType = file; path = "4-2.aif"; sourceTree = "<group>"; };
		684C4366211F659A005F1230 /* 5-0.aif */ = {isa = PBXFileReference; lastKnownFileType = file; path = "5-0.aif"; sourceTree = "<group>"; };
		684C4367211F659A005F1230 /* 6-4.aif */ = {isa = PBXFileReference; lastKnownFileType = file; path = "6-4.aif"; sourceTree = "<group>"; };
		684C4368211F659A005F1230 /* 7-1.aif */ = {isa = PBXFileReference; lastKnownFileType = file; path = "7-1.aif"; sourceTree = "<group>"; };
		684C4369211F659A005F1230 /* 7-4.aif */ = {isa = PBXFileReference; lastKnownFileType = file; path = "7-4.aif"; sourceTree = "<group>"; };
		684C436A211F659A005F1230 /* 7-5.aif */ = {isa = PBXFileReference; lastKnownFileType = file; path = "7-5.aif"; sourceTree = "<group>"; };
		684C436B211F659B005F1230 /* 7-2.aif */ = {isa = PBXFileReference; lastKnownFileType = file; path = "7-2.aif"; sourceTree = "<group>"; };
		684C436C211F659B005F1230 /* 7-9.aif */ = {isa = PBXFileReference; lastKnownFileType = file; path = "7-9.aif"; sourceTree = "<group>"; };
		684C436D211F659B005F1230 /* 7-10.aif */ = {isa = PBXFileReference; lastKnownFileType = file; path = "7-10.aif"; sourceTree = "<group>"; };
		684C436E211F659B005F1230 /* 8-1.aif */ = {isa = PBXFileReference; lastKnownFileType = file; path = "8-1.aif"; sourceTree = "<group>"; };
		684C436F211F659B005F1230 /* 6-8.aif */ = {isa = PBXFileReference; lastKnownFileType = file; path = "6-8.aif"; sourceTree = "<group>"; };
		684C4370211F659C005F1230 /* 2-1.aif */ = {isa = PBXFileReference; lastKnownFileType = file; path = "2-1.aif"; sourceTree = "<group>"; };
		684C4371211F659C005F1230 /* 1-11.aif */ = {isa = PBXFileReference; lastKnownFileType = file; path = "1-11.aif"; sourceTree = "<group>"; };
		684C4372211F659C005F1230 /* 3-4.aif */ = {isa = PBXFileReference; lastKnownFileType = file; path = "3-4.aif"; sourceTree = "<group>"; };
		684C4373211F659C005F1230 /* 1-7.aif */ = {isa = PBXFileReference; lastKnownFileType = file; path = "1-7.aif"; sourceTree = "<group>"; };
		684C4374211F659D005F1230 /* 1-8.aif */ = {isa = PBXFileReference; lastKnownFileType = file; path = "1-8.aif"; sourceTree = "<group>"; };
		684C4375211F659D005F1230 /* 2-7.aif */ = {isa = PBXFileReference; lastKnownFileType = file; path = "2-7.aif"; sourceTree = "<group>"; };
		684C4376211F659D005F1230 /* 4-0.aif */ = {isa = PBXFileReference; lastKnownFileType = file; path = "4-0.aif"; sourceTree = "<group>"; };
		684C4377211F659D005F1230 /* 5-4.aif */ = {isa = PBXFileReference; lastKnownFileType = file; path = "5-4.aif"; sourceTree = "<group>"; };
		684C4378211F659D005F1230 /* 3-0.aif */ = {isa = PBXFileReference; lastKnownFileType = file; path = "3-0.aif"; sourceTree = "<group>"; };
		684C4379211F659E005F1230 /* 5-10.aif */ = {isa = PBXFileReference; lastKnownFileType = file; path = "5-10.aif"; sourceTree = "<group>"; };
		684C437A211F659E005F1230 /* 6-5.aif */ = {isa = PBXFileReference; lastKnownFileType = file; path = "6-5.aif"; sourceTree = "<group>"; };
		684C437B211F659E005F1230 /* 1-10.aif */ = {isa = PBXFileReference; lastKnownFileType = file; path = "1-10.aif"; sourceTree = "<group>"; };
		684C437C211F659E005F1230 /* 2-10.aif */ = {isa = PBXFileReference; lastKnownFileType = file; path = "2-10.aif"; sourceTree = "<group>"; };
		684C437D211F659E005F1230 /* 1-6.aif */ = {isa = PBXFileReference; lastKnownFileType = file; path = "1-6.aif"; sourceTree = "<group>"; };
		684C437E211F659F005F1230 /* 3-7.aif */ = {isa = PBXFileReference; lastKnownFileType = file; path = "3-7.aif"; sourceTree = "<group>"; };
		684C437F211F659F005F1230 /* 6-10.aif */ = {isa = PBXFileReference; lastKnownFileType = file; path = "6-10.aif"; sourceTree = "<group>"; };
		684C4380211F659F005F1230 /* 8-3.aif */ = {isa = PBXFileReference; lastKnownFileType = file; path = "8-3.aif"; sourceTree = "<group>"; };
		684C4381211F659F005F1230 /* 6-0.aif */ = {isa = PBXFileReference; lastKnownFileType = file; path = "6-0.aif"; sourceTree = "<group>"; };
		684C4382211F659F005F1230 /* 2-11.aif */ = {isa = PBXFileReference; lastKnownFileType = file; path = "2-11.aif"; sourceTree = "<group>"; };
		684C4383211F65A0005F1230 /* 8-2.aif */ = {isa = PBXFileReference; lastKnownFileType = file; path = "8-2.aif"; sourceTree = "<group>"; };
		684C4384211F65A0005F1230 /* 8-5.aif */ = {isa = PBXFileReference; lastKnownFileType = file; path = "8-5.aif"; sourceTree = "<group>"; };
		684C4385211F65A0005F1230 /* 8-7.aif */ = {isa = PBXFileReference; lastKnownFileType = file; path = "8-7.aif"; sourceTree = "<group>"; };
		684C4386211F65A0005F1230 /* 5-7.aif */ = {isa = PBXFileReference; lastKnownFileType = file; path = "5-7.aif"; sourceTree = "<group>"; };
		684C4387211F65A0005F1230 /* 5-3.aif */ = {isa = PBXFileReference; lastKnownFileType = file; path = "5-3.aif"; sourceTree = "<group>"; };
		684C4388211F65A1005F1230 /* 5-9.aif */ = {isa = PBXFileReference; lastKnownFileType = file; path = "5-9.aif"; sourceTree = "<group>"; };
		684C4389211F65A1005F1230 /* 5-11.aif */ = {isa = PBXFileReference; lastKnownFileType = file; path = "5-11.aif"; sourceTree = "<group>"; };
		684C438A211F65A1005F1230 /* 5-6.aif */ = {isa = PBXFileReference; lastKnownFileType = file; path = "5-6.aif"; sourceTree = "<group>"; };
		684C438B211F65A1005F1230 /* 1-1.aif */ = {isa = PBXFileReference; lastKnownFileType = file; path = "1-1.aif"; sourceTree = "<group>"; };
		684C438C211F65A1005F1230 /* 7-11.aif */ = {isa = PBXFileReference; lastKnownFileType = file; path = "7-11.aif"; sourceTree = "<group>"; };
		684C438D211F65A2005F1230 /* 3-9.aif */ = {isa = PBXFileReference; lastKnownFileType = file; path = "3-9.aif"; sourceTree = "<group>"; };
		684C438E211F65A2005F1230 /* 2-0.aif */ = {isa = PBXFileReference; lastKnownFileType = file; path = "2-0.aif"; sourceTree = "<group>"; };
		684C438F211F65A2005F1230 /* 5-1.aif */ = {isa = PBXFileReference; lastKnownFileType = file; path = "5-1.aif"; sourceTree = "<group>"; };
		684C4390211F65A2005F1230 /* 3-6.aif */ = {isa = PBXFileReference; lastKnownFileType = file; path = "3-6.aif"; sourceTree = "<group>"; };
		684C4391211F65A2005F1230 /* 2-9.aif */ = {isa = PBXFileReference; lastKnownFileType = file; path = "2-9.aif"; sourceTree = "<group>"; };
		684C4392211F65A3005F1230 /* 1-2.aif */ = {isa = PBXFileReference; lastKnownFileType = file; path = "1-2.aif"; sourceTree = "<group>"; };
		684C4393211F65A3005F1230 /* 1-9.aif */ = {isa = PBXFileReference; lastKnownFileType = file; path = "1-9.aif"; sourceTree = "<group>"; };
		684C4394211F65A3005F1230 /* 6-1.aif */ = {isa = PBXFileReference; lastKnownFileType = file; path = "6-1.aif"; sourceTree = "<group>"; };
		684C4395211F65A3005F1230 /* 2-5.aif */ = {isa = PBXFileReference; lastKnownFileType = file; path = "2-5.aif"; sourceTree = "<group>"; };
		684C4396211F65A4005F1230 /* 4-8.aif */ = {isa = PBXFileReference; lastKnownFileType = file; path = "4-8.aif"; sourceTree = "<group>"; };
		684C4397211F65A4005F1230 /* 4-4.aif */ = {isa = PBXFileReference; lastKnownFileType = file; path = "4-4.aif"; sourceTree = "<group>"; };
		684C4398211F65A4005F1230 /* 4-9.aif */ = {isa = PBXFileReference; lastKnownFileType = file; path = "4-9.aif"; sourceTree = "<group>"; };
		684C4399211F65A4005F1230 /* 4-11.aif */ = {isa = PBXFileReference; lastKnownFileType = file; path = "4-11.aif"; sourceTree = "<group>"; };
		684C439A211F65A4005F1230 /* 5-8.aif */ = {isa = PBXFileReference; lastKnownFileType = file; path = "5-8.aif"; sourceTree = "<group>"; };
		684C439B211F65A5005F1230 /* 1-3.aif */ = {isa = PBXFileReference; lastKnownFileType = file; path = "1-3.aif"; sourceTree = "<group>"; };
		684C439C211F65A5005F1230 /* 4-3.aif */ = {isa = PBXFileReference; lastKnownFileType = file; path = "4-3.aif"; sourceTree = "<group>"; };
		684C439D211F65A5005F1230 /* 2-3.aif */ = {isa = PBXFileReference; lastKnownFileType = file; path = "2-3.aif"; sourceTree = "<group>"; };
		684C439E211F65A5005F1230 /* 7-6.aif */ = {isa = PBXFileReference; lastKnownFileType = file; path = "7-6.aif"; sourceTree = "<group>"; };
		684C439F211F65A5005F1230 /* 4-10.aif */ = {isa = PBXFileReference; lastKnownFileType = file; path = "4-10.aif"; sourceTree = "<group>"; };
		684C43A0211F65A6005F1230 /* 7-7.aif */ = {isa = PBXFileReference; lastKnownFileType = file; path = "7-7.aif"; sourceTree = "<group>"; };
		684C43A1211F65A6005F1230 /* 8-6.aif */ = {isa = PBXFileReference; lastKnownFileType = file; path = "8-6.aif"; sourceTree = "<group>"; };
		684C43A2211F65A6005F1230 /* 6-7.aif */ = {isa = PBXFileReference; lastKnownFileType = file; path = "6-7.aif"; sourceTree = "<group>"; };
		684C43A3211F65A6005F1230 /* 4-7.aif */ = {isa = PBXFileReference; lastKnownFileType = file; path = "4-7.aif"; sourceTree = "<group>"; };
		684C43A4211F65A7005F1230 /* 7-8.aif */ = {isa = PBXFileReference; lastKnownFileType = file; path = "7-8.aif"; sourceTree = "<group>"; };
		684C43A5211F65A7005F1230 /* 2-2.aif */ = {isa = PBXFileReference; lastKnownFileType = file; path = "2-2.aif"; sourceTree = "<group>"; };
		684C43A6211F65A8005F1230 /* 8-4.aif */ = {isa = PBXFileReference; lastKnownFileType = file; path = "8-4.aif"; sourceTree = "<group>"; };
		684C43A7211F65A8005F1230 /* 6-9.aif */ = {isa = PBXFileReference; lastKnownFileType = file; path = "6-9.aif"; sourceTree = "<group>"; };
		684C43A8211F65A8005F1230 /* 4-6.aif */ = {isa = PBXFileReference; lastKnownFileType = file; path = "4-6.aif"; sourceTree = "<group>"; };
		684C43A9211F65A9005F1230 /* 1-0.aif */ = {isa = PBXFileReference; lastKnownFileType = file; path = "1-0.aif"; sourceTree = "<group>"; };
		684C43AA211F65A9005F1230 /* 6-6.aif */ = {isa = PBXFileReference; lastKnownFileType = file; path = "6-6.aif"; sourceTree = "<group>"; };
		684C43AB211F65A9005F1230 /* 5-2.aif */ = {isa = PBXFileReference; lastKnownFileType = file; path = "5-2.aif"; sourceTree = "<group>"; };
		684C43AC211F65A9005F1230 /* 3-10.aif */ = {isa = PBXFileReference; lastKnownFileType = file; path = "3-10.aif"; sourceTree = "<group>"; };
		684C43AD211F65AA005F1230 /* 1-5.aif */ = {isa = PBXFileReference; lastKnownFileType = file; path = "1-5.aif"; sourceTree = "<group>"; };
		687846F92103D5B50094EB78 /* BasicNote+CoreDataClass.swift */ = {isa = PBXFileReference; lastKnownFileType = sourcecode.swift; path = "BasicNote+CoreDataClass.swift"; sourceTree = "<group>"; };
		687846FA2103D5B50094EB78 /* BasicNote+CoreDataProperties.swift */ = {isa = PBXFileReference; lastKnownFileType = sourcecode.swift; path = "BasicNote+CoreDataProperties.swift"; sourceTree = "<group>"; };
		687846FB2103D5B50094EB78 /* ChordBase+CoreDataClass.swift */ = {isa = PBXFileReference; lastKnownFileType = sourcecode.swift; path = "ChordBase+CoreDataClass.swift"; sourceTree = "<group>"; };
		687846FC2103D5B50094EB78 /* ChordBase+CoreDataProperties.swift */ = {isa = PBXFileReference; lastKnownFileType = sourcecode.swift; path = "ChordBase+CoreDataProperties.swift"; sourceTree = "<group>"; };
		687846FD2103D5B50094EB78 /* Chord+CoreDataClass.swift */ = {isa = PBXFileReference; lastKnownFileType = sourcecode.swift; path = "Chord+CoreDataClass.swift"; sourceTree = "<group>"; };
		687846FE2103D5B50094EB78 /* Chord+CoreDataProperties.swift */ = {isa = PBXFileReference; lastKnownFileType = sourcecode.swift; path = "Chord+CoreDataProperties.swift"; sourceTree = "<group>"; };
		688F78592110F7A8009A4F8A /* chordBarCell.swift */ = {isa = PBXFileReference; lastKnownFileType = sourcecode.swift; path = chordBarCell.swift; sourceTree = "<group>"; };
		68D2DC7020EFEECF00B225DC /* Const.swift */ = {isa = PBXFileReference; lastKnownFileType = sourcecode.swift; path = Const.swift; sourceTree = "<group>"; };
		68D2DC7620F2A38500B225DC /* ChordCell.swift */ = {isa = PBXFileReference; lastKnownFileType = sourcecode.swift; path = ChordCell.swift; sourceTree = "<group>"; };
		68FFBEA620EAB8A600379616 /* ChordMaster.app */ = {isa = PBXFileReference; explicitFileType = wrapper.application; includeInIndex = 0; path = ChordMaster.app; sourceTree = BUILT_PRODUCTS_DIR; };
		68FFBEA920EAB8A600379616 /* AppDelegate.swift */ = {isa = PBXFileReference; lastKnownFileType = sourcecode.swift; path = AppDelegate.swift; sourceTree = "<group>"; };
		68FFBEAB20EAB8A600379616 /* MainViewController.swift */ = {isa = PBXFileReference; lastKnownFileType = sourcecode.swift; path = MainViewController.swift; sourceTree = "<group>"; };
		68FFBEAE20EAB8A600379616 /* Base */ = {isa = PBXFileReference; lastKnownFileType = file.storyboard; name = Base; path = Base.lproj/Main.storyboard; sourceTree = "<group>"; };
		68FFBEB320EAB8AA00379616 /* Assets.xcassets */ = {isa = PBXFileReference; lastKnownFileType = folder.assetcatalog; path = Assets.xcassets; sourceTree = "<group>"; };
		68FFBEB620EAB8AA00379616 /* Base */ = {isa = PBXFileReference; lastKnownFileType = file.storyboard; name = Base; path = Base.lproj/LaunchScreen.storyboard; sourceTree = "<group>"; };
		68FFBEB820EAB8AA00379616 /* Info.plist */ = {isa = PBXFileReference; lastKnownFileType = text.plist.xml; path = Info.plist; sourceTree = "<group>"; };
		68FFBED620EB60AE00379616 /* Chords.swift */ = {isa = PBXFileReference; lastKnownFileType = sourcecode.swift; path = Chords.swift; sourceTree = "<group>"; };
		68FFBED820EB61E200379616 /* Notes.swift */ = {isa = PBXFileReference; fileEncoding = 4; lastKnownFileType = sourcecode.swift; path = Notes.swift; sourceTree = "<group>"; };
		68FFBEDE20EC8C9900379616 /* Utils.swift */ = {isa = PBXFileReference; lastKnownFileType = sourcecode.swift; path = Utils.swift; sourceTree = "<group>"; };
		68FFBEE020ED6AE900379616 /* DBAccess.swift */ = {isa = PBXFileReference; lastKnownFileType = sourcecode.swift; path = DBAccess.swift; sourceTree = "<group>"; };
/* End PBXFileReference section */

/* Begin PBXFrameworksBuildPhase section */
		68FFBEA320EAB8A600379616 /* Frameworks */ = {
			isa = PBXFrameworksBuildPhase;
			buildActionMask = 2147483647;
			files = (
			);
			runOnlyForDeploymentPostprocessing = 0;
		};
/* End PBXFrameworksBuildPhase section */

/* Begin PBXGroup section */
		683716F72109008400111239 /* sound */ = {
			isa = PBXGroup;
			children = (
				684C43A9211F65A9005F1230 /* 1-0.aif */,
				684C438B211F65A1005F1230 /* 1-1.aif */,
				684C4392211F65A3005F1230 /* 1-2.aif */,
				684C439B211F65A5005F1230 /* 1-3.aif */,
				684C4354211F6597005F1230 /* 1-4.aif */,
				684C43AD211F65AA005F1230 /* 1-5.aif */,
				684C437D211F659E005F1230 /* 1-6.aif */,
				684C4373211F659C005F1230 /* 1-7.aif */,
				684C4374211F659D005F1230 /* 1-8.aif */,
				684C4393211F65A3005F1230 /* 1-9.aif */,
				684C437B211F659E005F1230 /* 1-10.aif */,
				684C4371211F659C005F1230 /* 1-11.aif */,
				684C438E211F65A2005F1230 /* 2-0.aif */,
				684C4370211F659C005F1230 /* 2-1.aif */,
				684C43A5211F65A7005F1230 /* 2-2.aif */,
				684C439D211F65A5005F1230 /* 2-3.aif */,
				684C4361211F6599005F1230 /* 2-4.aif */,
				684C4395211F65A3005F1230 /* 2-5.aif */,
				684C435F211F6599005F1230 /* 2-6.aif */,
				684C4375211F659D005F1230 /* 2-7.aif */,
				684C4362211F6599005F1230 /* 2-8.aif */,
				684C4391211F65A2005F1230 /* 2-9.aif */,
				684C437C211F659E005F1230 /* 2-10.aif */,
				684C4382211F659F005F1230 /* 2-11.aif */,
				684C4378211F659D005F1230 /* 3-0.aif */,
				684C4357211F6598005F1230 /* 3-1.aif */,
				684C4356211F6597005F1230 /* 3-2.aif */,
				684C435E211F6599005F1230 /* 3-3.aif */,
				684C4372211F659C005F1230 /* 3-4.aif */,
				684C4360211F6599005F1230 /* 3-5.aif */,
				684C4390211F65A2005F1230 /* 3-6.aif */,
				684C437E211F659F005F1230 /* 3-7.aif */,
				684C4359211F6598005F1230 /* 3-8.aif */,
				684C438D211F65A2005F1230 /* 3-9.aif */,
				684C43AC211F65A9005F1230 /* 3-10.aif */,
				684C4363211F6599005F1230 /* 3-11.aif */,
				684C4376211F659D005F1230 /* 4-0.aif */,
				684C4364211F6599005F1230 /* 4-1.aif */,
				684C4365211F659A005F1230 /* 4-2.aif */,
				684C439C211F65A5005F1230 /* 4-3.aif */,
				684C4397211F65A4005F1230 /* 4-4.aif */,
				684C435D211F6598005F1230 /* 4-5.aif */,
				684C43A8211F65A8005F1230 /* 4-6.aif */,
				684C43A3211F65A6005F1230 /* 4-7.aif */,
				684C4396211F65A4005F1230 /* 4-8.aif */,
				684C4398211F65A4005F1230 /* 4-9.aif */,
				684C439F211F65A5005F1230 /* 4-10.aif */,
				684C4399211F65A4005F1230 /* 4-11.aif */,
				684C4366211F659A005F1230 /* 5-0.aif */,
				684C438F211F65A2005F1230 /* 5-1.aif */,
				684C43AB211F65A9005F1230 /* 5-2.aif */,
				684C4387211F65A0005F1230 /* 5-3.aif */,
				684C4377211F659D005F1230 /* 5-4.aif */,
				684C4355211F6597005F1230 /* 5-5.aif */,
				684C438A211F65A1005F1230 /* 5-6.aif */,
				684C4386211F65A0005F1230 /* 5-7.aif */,
				684C439A211F65A4005F1230 /* 5-8.aif */,
				684C4388211F65A1005F1230 /* 5-9.aif */,
				684C4379211F659E005F1230 /* 5-10.aif */,
				684C4389211F65A1005F1230 /* 5-11.aif */,
				684C4381211F659F005F1230 /* 6-0.aif */,
				684C4394211F65A3005F1230 /* 6-1.aif */,
				684C435C211F6598005F1230 /* 6-2.aif */,
				684C4358211F6598005F1230 /* 6-3.aif */,
				684C4367211F659A005F1230 /* 6-4.aif */,
				684C437A211F659E005F1230 /* 6-5.aif */,
				684C43AA211F65A9005F1230 /* 6-6.aif */,
				684C43A2211F65A6005F1230 /* 6-7.aif */,
				684C436F211F659B005F1230 /* 6-8.aif */,
				684C43A7211F65A8005F1230 /* 6-9.aif */,
				684C437F211F659F005F1230 /* 6-10.aif */,
				684C4353211F6597005F1230 /* 6-11.aif */,
				684C435A211F6598005F1230 /* 7-0.aif */,
				684C4368211F659A005F1230 /* 7-1.aif */,
				684C436B211F659B005F1230 /* 7-2.aif */,
				684C435B211F6598005F1230 /* 7-3.aif */,
				684C4369211F659A005F1230 /* 7-4.aif */,
				684C436A211F659A005F1230 /* 7-5.aif */,
				684C439E211F65A5005F1230 /* 7-6.aif */,
				684C43A0211F65A6005F1230 /* 7-7.aif */,
				684C43A4211F65A7005F1230 /* 7-8.aif */,
				684C436C211F659B005F1230 /* 7-9.aif */,
				684C436D211F659B005F1230 /* 7-10.aif */,
				684C438C211F65A1005F1230 /* 7-11.aif */,
				684C436E211F659B005F1230 /* 8-1.aif */,
				684C4383211F65A0005F1230 /* 8-2.aif */,
				684C4380211F659F005F1230 /* 8-3.aif */,
				684C43A6211F65A8005F1230 /* 8-4.aif */,
				684C4384211F65A0005F1230 /* 8-5.aif */,
				684C43A1211F65A6005F1230 /* 8-6.aif */,
				684C4385211F65A0005F1230 /* 8-7.aif */,
			);
			path = sound;
			sourceTree = "<group>";
		};
		68FFBE9D20EAB8A600379616 = {
			isa = PBXGroup;
			children = (
				687846F92103D5B50094EB78 /* BasicNote+CoreDataClass.swift */,
				687846FA2103D5B50094EB78 /* BasicNote+CoreDataProperties.swift */,
				687846FB2103D5B50094EB78 /* ChordBase+CoreDataClass.swift */,
				687846FC2103D5B50094EB78 /* ChordBase+CoreDataProperties.swift */,
				687846FD2103D5B50094EB78 /* Chord+CoreDataClass.swift */,
				687846FE2103D5B50094EB78 /* Chord+CoreDataProperties.swift */,
				68FFBEA820EAB8A600379616 /* ChordMaster */,
				68FFBEA720EAB8A600379616 /* Products */,
			);
			sourceTree = "<group>";
		};
		68FFBEA720EAB8A600379616 /* Products */ = {
			isa = PBXGroup;
			children = (
				68FFBEA620EAB8A600379616 /* ChordMaster.app */,
			);
			name = Products;
			sourceTree = "<group>";
		};
		68FFBEA820EAB8A600379616 /* ChordMaster */ = {
			isa = PBXGroup;
			children = (
				683716F72109008400111239 /* sound */,
				68D2DC7020EFEECF00B225DC /* Const.swift */,
				68FFBED820EB61E200379616 /* Notes.swift */,
				68FFBED620EB60AE00379616 /* Chords.swift */,
				68FFBEA920EAB8A600379616 /* AppDelegate.swift */,
				68FFBEAB20EAB8A600379616 /* MainViewController.swift */,
				68D2DC7620F2A38500B225DC /* ChordCell.swift */,
				688F78592110F7A8009A4F8A /* chordBarCell.swift */,
				68FFBEDE20EC8C9900379616 /* Utils.swift */,
				68FFBEE020ED6AE900379616 /* DBAccess.swift */,
				68FFBEAD20EAB8A600379616 /* Main.storyboard */,
				68FFBEB320EAB8AA00379616 /* Assets.xcassets */,
				68FFBEB520EAB8AA00379616 /* LaunchScreen.storyboard */,
				68FFBEB820EAB8AA00379616 /* Info.plist */,
				6840137F2103C4D600D7063A /* ChordMaster.xcdatamodeld */,
			);
			path = ChordMaster;
			sourceTree = "<group>";
		};
/* End PBXGroup section */

/* Begin PBXNativeTarget section */
		68FFBEA520EAB8A600379616 /* ChordMaster */ = {
			isa = PBXNativeTarget;
			buildConfigurationList = 68FFBEBB20EAB8AA00379616 /* Build configuration list for PBXNativeTarget "ChordMaster" */;
			buildPhases = (
				68FFBEA220EAB8A600379616 /* Sources */,
				68FFBEA320EAB8A600379616 /* Frameworks */,
				68FFBEA420EAB8A600379616 /* Resources */,
			);
			buildRules = (
			);
			dependencies = (
			);
			name = ChordMaster;
			productName = ChordMaster;
			productReference = 68FFBEA620EAB8A600379616 /* ChordMaster.app */;
			productType = "com.apple.product-type.application";
		};
/* End PBXNativeTarget section */

/* Begin PBXProject section */
		68FFBE9E20EAB8A600379616 /* Project object */ = {
			isa = PBXProject;
			attributes = {
				LastSwiftUpdateCheck = 0930;
				LastUpgradeCheck = 0930;
				ORGANIZATIONNAME = 9bit.co;
				TargetAttributes = {
					68FFBEA520EAB8A600379616 = {
						CreatedOnToolsVersion = 9.3.1;
					};
				};
			};
			buildConfigurationList = 68FFBEA120EAB8A600379616 /* Build configuration list for PBXProject "ChordMaster" */;
			compatibilityVersion = "Xcode 9.3";
			developmentRegion = en;
			hasScannedForEncodings = 0;
			knownRegions = (
				en,
				Base,
			);
			mainGroup = 68FFBE9D20EAB8A600379616;
			productRefGroup = 68FFBEA720EAB8A600379616 /* Products */;
			projectDirPath = "";
			projectRoot = "";
			targets = (
				68FFBEA520EAB8A600379616 /* ChordMaster */,
			);
		};
/* End PBXProject section */

/* Begin PBXResourcesBuildPhase section */
		68FFBEA420EAB8A600379616 /* Resources */ = {
			isa = PBXResourcesBuildPhase;
			buildActionMask = 2147483647;
			files = (
				684C4400211F65AA005F1230 /* 2-2.aif in Resources */,
				684C43E8211F65AA005F1230 /* 3-9.aif in Resources */,
				684C43FF211F65AA005F1230 /* 7-8.aif in Resources */,
				684C4404211F65AA005F1230 /* 1-0.aif in Resources */,
				684C43E3211F65AA005F1230 /* 5-9.aif in Resources */,
				684C43D5211F65AA005F1230 /* 6-5.aif in Resources */,
				684C43CA211F65AA005F1230 /* 6-8.aif in Resources */,
				684C43F1211F65AA005F1230 /* 4-8.aif in Resources */,
				684C43EB211F65AA005F1230 /* 3-6.aif in Resources */,
				684C43BE211F65AA005F1230 /* 3-11.aif in Resources */,
				684C4402211F65AA005F1230 /* 6-9.aif in Resources */,
				684C43D8211F65AA005F1230 /* 1-6.aif in Resources */,
				684C43C1211F65AA005F1230 /* 5-0.aif in Resources */,
				684C43DD211F65AA005F1230 /* 2-11.aif in Resources */,
				684C43D2211F65AA005F1230 /* 5-4.aif in Resources */,
				684C43BC211F65AA005F1230 /* 2-4.aif in Resources */,
				684C43D9211F65AA005F1230 /* 3-7.aif in Resources */,
				684C43DF211F65AA005F1230 /* 8-5.aif in Resources */,
				684C43D4211F65AA005F1230 /* 5-10.aif in Resources */,
				684C43E6211F65AA005F1230 /* 1-1.aif in Resources */,
				684C4408211F65AA005F1230 /* 1-5.aif in Resources */,
				684C43C7211F65AA005F1230 /* 7-9.aif in Resources */,
				684C43C3211F65AA005F1230 /* 7-1.aif in Resources */,
				684C43CE211F65AA005F1230 /* 1-7.aif in Resources */,
				684C43C8211F65AA005F1230 /* 7-10.aif in Resources */,
				684C43DB211F65AA005F1230 /* 8-3.aif in Resources */,
				684C43B7211F65AA005F1230 /* 6-2.aif in Resources */,
				684C43F9211F65AA005F1230 /* 7-6.aif in Resources */,
				684C43D0211F65AA005F1230 /* 2-7.aif in Resources */,
				684C43E2211F65AA005F1230 /* 5-3.aif in Resources */,
				684C43BF211F65AA005F1230 /* 4-1.aif in Resources */,
				684C43B6211F65AA005F1230 /* 7-3.aif in Resources */,
				684C43D3211F65AA005F1230 /* 3-0.aif in Resources */,
				684C43F8211F65AA005F1230 /* 2-3.aif in Resources */,
				684C43B3211F65AA005F1230 /* 6-3.aif in Resources */,
				684C43FD211F65AA005F1230 /* 6-7.aif in Resources */,
				684C43CD211F65AA005F1230 /* 3-4.aif in Resources */,
				684C43BD211F65AA005F1230 /* 2-8.aif in Resources */,
				684C43B5211F65AA005F1230 /* 7-0.aif in Resources */,
				684C43DE211F65AA005F1230 /* 8-2.aif in Resources */,
				684C43D7211F65AA005F1230 /* 2-10.aif in Resources */,
				684C4403211F65AA005F1230 /* 4-6.aif in Resources */,
				684C4407211F65AA005F1230 /* 3-10.aif in Resources */,
				684C43C0211F65AA005F1230 /* 4-2.aif in Resources */,
				684C43E4211F65AA005F1230 /* 5-11.aif in Resources */,
				684C43ED211F65AA005F1230 /* 1-2.aif in Resources */,
				684C43E9211F65AA005F1230 /* 2-0.aif in Resources */,
				684C4401211F65AA005F1230 /* 8-4.aif in Resources */,
				684C43C6211F65AA005F1230 /* 7-2.aif in Resources */,
				684C43FC211F65AA005F1230 /* 8-6.aif in Resources */,
				684C43FA211F65AA005F1230 /* 4-10.aif in Resources */,
				684C43BB211F65AA005F1230 /* 3-5.aif in Resources */,
				684C43F5211F65AA005F1230 /* 5-8.aif in Resources */,
				684C43F4211F65AA005F1230 /* 4-11.aif in Resources */,
				684C43DA211F65AA005F1230 /* 6-10.aif in Resources */,
				684C4405211F65AA005F1230 /* 6-6.aif in Resources */,
				684C43DC211F65AA005F1230 /* 6-0.aif in Resources */,
				684C43F7211F65AA005F1230 /* 4-3.aif in Resources */,
				684C43B0211F65AA005F1230 /* 5-5.aif in Resources */,
				684C43F2211F65AA005F1230 /* 4-4.aif in Resources */,
				684C43C2211F65AA005F1230 /* 6-4.aif in Resources */,
				684C43D6211F65AA005F1230 /* 1-10.aif in Resources */,
				684C43E7211F65AA005F1230 /* 7-11.aif in Resources */,
				684C43EE211F65AA005F1230 /* 1-9.aif in Resources */,
				684C43D1211F65AA005F1230 /* 4-0.aif in Resources */,
				68FFBEB720EAB8AA00379616 /* LaunchScreen.storyboard in Resources */,
				68FFBEB420EAB8AA00379616 /* Assets.xcassets in Resources */,
				684C43EF211F65AA005F1230 /* 6-1.aif in Resources */,
				684C43F0211F65AA005F1230 /* 2-5.aif in Resources */,
				684C43F6211F65AA005F1230 /* 1-3.aif in Resources */,
				684C43CC211F65AA005F1230 /* 1-11.aif in Resources */,
				68FFBEAF20EAB8A600379616 /* Main.storyboard in Resources */,
				684C43C9211F65AA005F1230 /* 8-1.aif in Resources */,
				684C43AE211F65AA005F1230 /* 6-11.aif in Resources */,
				684C43C5211F65AA005F1230 /* 7-5.aif in Resources */,
				684C43AF211F65AA005F1230 /* 1-4.aif in Resources */,
				684C43C4211F65AA005F1230 /* 7-4.aif in Resources */,
				684C43E0211F65AA005F1230 /* 8-7.aif in Resources */,
				684C43BA211F65AA005F1230 /* 2-6.aif in Resources */,
				684C43F3211F65AA005F1230 /* 4-9.aif in Resources */,
				684C43B4211F65AA005F1230 /* 3-8.aif in Resources */,
				684C43B2211F65AA005F1230 /* 3-1.aif in Resources */,
				684C43EC211F65AA005F1230 /* 2-9.aif in Resources */,
				684C43EA211F65AA005F1230 /* 5-1.aif in Resources */,
				684C43B9211F65AA005F1230 /* 3-3.aif in Resources */,
				684C43E1211F65AA005F1230 /* 5-7.aif in Resources */,
				684C43CB211F65AA005F1230 /* 2-1.aif in Resources */,
				684C4406211F65AA005F1230 /* 5-2.aif in Resources */,
				684C43E5211F65AA005F1230 /* 5-6.aif in Resources */,
				684C43B1211F65AA005F1230 /* 3-2.aif in Resources */,
				684C43FB211F65AA005F1230 /* 7-7.aif in Resources */,
				684C43FE211F65AA005F1230 /* 4-7.aif in Resources */,
				684C43B8211F65AA005F1230 /* 4-5.aif in Resources */,
				684C43CF211F65AA005F1230 /* 1-8.aif in Resources */,
			);
			runOnlyForDeploymentPostprocessing = 0;
		};
/* End PBXResourcesBuildPhase section */

/* Begin PBXSourcesBuildPhase section */
		68FFBEA220EAB8A600379616 /* Sources */ = {
			isa = PBXSourcesBuildPhase;
			buildActionMask = 2147483647;
			files = (
				68FFBEE120ED6AE900379616 /* DBAccess.swift in Sources */,
				687847042103D5B50094EB78 /* Chord+CoreDataProperties.swift in Sources */,
				688F785A2110F7A8009A4F8A /* chordBarCell.swift in Sources */,
				68D2DC7720F2A38500B225DC /* ChordCell.swift in Sources */,
				68FFBED920EB61E200379616 /* Notes.swift in Sources */,
				684013832103C4D600D7063A /* ChordMaster.xcdatamodeld in Sources */,
				687846FF2103D5B50094EB78 /* BasicNote+CoreDataClass.swift in Sources */,
				687847002103D5B50094EB78 /* BasicNote+CoreDataProperties.swift in Sources */,
				68FFBED720EB60AE00379616 /* Chords.swift in Sources */,
				687847012103D5B50094EB78 /* ChordBase+CoreDataClass.swift in Sources */,
				687847022103D5B50094EB78 /* ChordBase+CoreDataProperties.swift in Sources */,
				68FFBEAC20EAB8A600379616 /* MainViewController.swift in Sources */,
				687847032103D5B50094EB78 /* Chord+CoreDataClass.swift in Sources */,
				68FFBEAA20EAB8A600379616 /* AppDelegate.swift in Sources */,
				68FFBEDF20EC8C9900379616 /* Utils.swift in Sources */,
				68D2DC7120EFEECF00B225DC /* Const.swift in Sources */,
			);
			runOnlyForDeploymentPostprocessing = 0;
		};
/* End PBXSourcesBuildPhase section */

/* Begin PBXVariantGroup section */
		68FFBEAD20EAB8A600379616 /* Main.storyboard */ = {
			isa = PBXVariantGroup;
			children = (
				68FFBEAE20EAB8A600379616 /* Base */,
			);
			name = Main.storyboard;
			sourceTree = "<group>";
		};
		68FFBEB520EAB8AA00379616 /* LaunchScreen.storyboard */ = {
			isa = PBXVariantGroup;
			children = (
				68FFBEB620EAB8AA00379616 /* Base */,
			);
			name = LaunchScreen.storyboard;
			sourceTree = "<group>";
		};
/* End PBXVariantGroup section */

/* Begin XCBuildConfiguration section */
		68FFBEB920EAB8AA00379616 /* Debug */ = {
			isa = XCBuildConfiguration;
			buildSettings = {
				ALWAYS_SEARCH_USER_PATHS = NO;
				CLANG_ANALYZER_NONNULL = YES;
				CLANG_ANALYZER_NUMBER_OBJECT_CONVERSION = YES_AGGRESSIVE;
				CLANG_CXX_LANGUAGE_STANDARD = "gnu++14";
				CLANG_CXX_LIBRARY = "libc++";
				CLANG_ENABLE_MODULES = YES;
				CLANG_ENABLE_OBJC_ARC = YES;
				CLANG_ENABLE_OBJC_WEAK = YES;
				CLANG_WARN_BLOCK_CAPTURE_AUTORELEASING = YES;
				CLANG_WARN_BOOL_CONVERSION = YES;
				CLANG_WARN_COMMA = YES;
				CLANG_WARN_CONSTANT_CONVERSION = YES;
				CLANG_WARN_DEPRECATED_OBJC_IMPLEMENTATIONS = YES;
				CLANG_WARN_DIRECT_OBJC_ISA_USAGE = YES_ERROR;
				CLANG_WARN_DOCUMENTATION_COMMENTS = YES;
				CLANG_WARN_EMPTY_BODY = YES;
				CLANG_WARN_ENUM_CONVERSION = YES;
				CLANG_WARN_INFINITE_RECURSION = YES;
				CLANG_WARN_INT_CONVERSION = YES;
				CLANG_WARN_NON_LITERAL_NULL_CONVERSION = YES;
				CLANG_WARN_OBJC_IMPLICIT_RETAIN_SELF = YES;
				CLANG_WARN_OBJC_LITERAL_CONVERSION = YES;
				CLANG_WARN_OBJC_ROOT_CLASS = YES_ERROR;
				CLANG_WARN_RANGE_LOOP_ANALYSIS = YES;
				CLANG_WARN_STRICT_PROTOTYPES = YES;
				CLANG_WARN_SUSPICIOUS_MOVE = YES;
				CLANG_WARN_UNGUARDED_AVAILABILITY = YES_AGGRESSIVE;
				CLANG_WARN_UNREACHABLE_CODE = YES;
				CLANG_WARN__DUPLICATE_METHOD_MATCH = YES;
				CODE_SIGN_IDENTITY = "iPhone Developer";
				COPY_PHASE_STRIP = NO;
				DEBUG_INFORMATION_FORMAT = dwarf;
				ENABLE_STRICT_OBJC_MSGSEND = YES;
				ENABLE_TESTABILITY = YES;
				GCC_C_LANGUAGE_STANDARD = gnu11;
				GCC_DYNAMIC_NO_PIC = NO;
				GCC_NO_COMMON_BLOCKS = YES;
				GCC_OPTIMIZATION_LEVEL = 0;
				GCC_PREPROCESSOR_DEFINITIONS = (
					"DEBUG=1",
					"$(inherited)",
				);
				GCC_WARN_64_TO_32_BIT_CONVERSION = YES;
				GCC_WARN_ABOUT_RETURN_TYPE = YES_ERROR;
				GCC_WARN_UNDECLARED_SELECTOR = YES;
				GCC_WARN_UNINITIALIZED_AUTOS = YES_AGGRESSIVE;
				GCC_WARN_UNUSED_FUNCTION = YES;
				GCC_WARN_UNUSED_VARIABLE = YES;
				IPHONEOS_DEPLOYMENT_TARGET = 11.3;
				MTL_ENABLE_DEBUG_INFO = YES;
				ONLY_ACTIVE_ARCH = YES;
				SDKROOT = iphoneos;
				SWIFT_ACTIVE_COMPILATION_CONDITIONS = DEBUG;
				SWIFT_OPTIMIZATION_LEVEL = "-Onone";
			};
			name = Debug;
		};
		68FFBEBA20EAB8AA00379616 /* Release */ = {
			isa = XCBuildConfiguration;
			buildSettings = {
				ALWAYS_SEARCH_USER_PATHS = NO;
				CLANG_ANALYZER_NONNULL = YES;
				CLANG_ANALYZER_NUMBER_OBJECT_CONVERSION = YES_AGGRESSIVE;
				CLANG_CXX_LANGUAGE_STANDARD = "gnu++14";
				CLANG_CXX_LIBRARY = "libc++";
				CLANG_ENABLE_MODULES = YES;
				CLANG_ENABLE_OBJC_ARC = YES;
				CLANG_ENABLE_OBJC_WEAK = YES;
				CLANG_WARN_BLOCK_CAPTURE_AUTORELEASING = YES;
				CLANG_WARN_BOOL_CONVERSION = YES;
				CLANG_WARN_COMMA = YES;
				CLANG_WARN_CONSTANT_CONVERSION = YES;
				CLANG_WARN_DEPRECATED_OBJC_IMPLEMENTATIONS = YES;
				CLANG_WARN_DIRECT_OBJC_ISA_USAGE = YES_ERROR;
				CLANG_WARN_DOCUMENTATION_COMMENTS = YES;
				CLANG_WARN_EMPTY_BODY = YES;
				CLANG_WARN_ENUM_CONVERSION = YES;
				CLANG_WARN_INFINITE_RECURSION = YES;
				CLANG_WARN_INT_CONVERSION = YES;
				CLANG_WARN_NON_LITERAL_NULL_CONVERSION = YES;
				CLANG_WARN_OBJC_IMPLICIT_RETAIN_SELF = YES;
				CLANG_WARN_OBJC_LITERAL_CONVERSION = YES;
				CLANG_WARN_OBJC_ROOT_CLASS = YES_ERROR;
				CLANG_WARN_RANGE_LOOP_ANALYSIS = YES;
				CLANG_WARN_STRICT_PROTOTYPES = YES;
				CLANG_WARN_SUSPICIOUS_MOVE = YES;
				CLANG_WARN_UNGUARDED_AVAILABILITY = YES_AGGRESSIVE;
				CLANG_WARN_UNREACHABLE_CODE = YES;
				CLANG_WARN__DUPLICATE_METHOD_MATCH = YES;
				CODE_SIGN_IDENTITY = "iPhone Developer";
				COPY_PHASE_STRIP = NO;
				DEBUG_INFORMATION_FORMAT = "dwarf-with-dsym";
				ENABLE_NS_ASSERTIONS = NO;
				ENABLE_STRICT_OBJC_MSGSEND = YES;
				GCC_C_LANGUAGE_STANDARD = gnu11;
				GCC_NO_COMMON_BLOCKS = YES;
				GCC_WARN_64_TO_32_BIT_CONVERSION = YES;
				GCC_WARN_ABOUT_RETURN_TYPE = YES_ERROR;
				GCC_WARN_UNDECLARED_SELECTOR = YES;
				GCC_WARN_UNINITIALIZED_AUTOS = YES_AGGRESSIVE;
				GCC_WARN_UNUSED_FUNCTION = YES;
				GCC_WARN_UNUSED_VARIABLE = YES;
				IPHONEOS_DEPLOYMENT_TARGET = 11.3;
				MTL_ENABLE_DEBUG_INFO = NO;
				SDKROOT = iphoneos;
				SWIFT_COMPILATION_MODE = wholemodule;
				SWIFT_OPTIMIZATION_LEVEL = "-O";
				VALIDATE_PRODUCT = YES;
			};
			name = Release;
		};
		68FFBEBC20EAB8AA00379616 /* Debug */ = {
			isa = XCBuildConfiguration;
			buildSettings = {
				ASSETCATALOG_COMPILER_APPICON_NAME = AppIcon;
				CODE_SIGN_STYLE = Automatic;
				DEVELOPMENT_TEAM = W27869H45N;
				INFOPLIST_FILE = ChordMaster/Info.plist;
				LD_RUNPATH_SEARCH_PATHS = (
					"$(inherited)",
					"@executable_path/Frameworks",
				);
				PRODUCT_BUNDLE_IDENTIFIER = "-bit.ChordMaster";
				PRODUCT_NAME = "$(TARGET_NAME)";
				SWIFT_VERSION = 4.0;
				TARGETED_DEVICE_FAMILY = "1,2";
			};
			name = Debug;
		};
		68FFBEBD20EAB8AA00379616 /* Release */ = {
			isa = XCBuildConfiguration;
			buildSettings = {
				ASSETCATALOG_COMPILER_APPICON_NAME = AppIcon;
				CODE_SIGN_STYLE = Automatic;
				DEVELOPMENT_TEAM = W27869H45N;
				INFOPLIST_FILE = ChordMaster/Info.plist;
				LD_RUNPATH_SEARCH_PATHS = (
					"$(inherited)",
					"@executable_path/Frameworks",
				);
				PRODUCT_BUNDLE_IDENTIFIER = "-bit.ChordMaster";
				PRODUCT_NAME = "$(TARGET_NAME)";
				SWIFT_VERSION = 4.0;
				TARGETED_DEVICE_FAMILY = "1,2";
			};
			name = Release;
		};
/* End XCBuildConfiguration section */

/* Begin XCConfigurationList section */
		68FFBEA120EAB8A600379616 /* Build configuration list for PBXProject "ChordMaster" */ = {
			isa = XCConfigurationList;
			buildConfigurations = (
				68FFBEB920EAB8AA00379616 /* Debug */,
				68FFBEBA20EAB8AA00379616 /* Release */,
			);
			defaultConfigurationIsVisible = 0;
			defaultConfigurationName = Release;
		};
		68FFBEBB20EAB8AA00379616 /* Build configuration list for PBXNativeTarget "ChordMaster" */ = {
			isa = XCConfigurationList;
			buildConfigurations = (
				68FFBEBC20EAB8AA00379616 /* Debug */,
				68FFBEBD20EAB8AA00379616 /* Release */,
			);
			defaultConfigurationIsVisible = 0;
			defaultConfigurationName = Release;
		};
/* End XCConfigurationList section */

/* Begin XCVersionGroup section */
		6840137F2103C4D600D7063A /* ChordMaster.xcdatamodeld */ = {
			isa = XCVersionGroup;
			children = (
				684013802103C4D600D7063A /* ChordMaster.xcdatamodel */,
			);
			currentVersion = 684013802103C4D600D7063A /* ChordMaster.xcdatamodel */;
			path = ChordMaster.xcdatamodeld;
			sourceTree = "<group>";
			versionGroupType = wrapper.xcdatamodel;
		};
/* End XCVersionGroup section */
	};
	rootObject = 68FFBE9E20EAB8A600379616 /* Project object */;
}
