// !$*UTF8*$!
{
	archiveVersion = 1;
	classes = {
	};
	objectVersion = 50;
	objects = {

/* Begin PBXBuildFile section */
		68D2DC7120EFEECF00B225DC /* Const.swift in Sources */ = {isa = PBXBuildFile; fileRef = 68D2DC7020EFEECF00B225DC /* Const.swift */; };
		68D2DC7420F20E2A00B225DC /* Chord+CoreDataClass.swift in Sources */ = {isa = PBXBuildFile; fileRef = 68D2DC7220F20E2A00B225DC /* Chord+CoreDataClass.swift */; };
		68D2DC7520F20E2A00B225DC /* Chord+CoreDataProperties.swift in Sources */ = {isa = PBXBuildFile; fileRef = 68D2DC7320F20E2A00B225DC /* Chord+CoreDataProperties.swift */; };
		68D2DC7720F2A38500B225DC /* ChordCell.swift in Sources */ = {isa = PBXBuildFile; fileRef = 68D2DC7620F2A38500B225DC /* ChordCell.swift */; };
		68FFBEAA20EAB8A600379616 /* AppDelegate.swift in Sources */ = {isa = PBXBuildFile; fileRef = 68FFBEA920EAB8A600379616 /* AppDelegate.swift */; };
		68FFBEAC20EAB8A600379616 /* MainViewController.swift in Sources */ = {isa = PBXBuildFile; fileRef = 68FFBEAB20EAB8A600379616 /* MainViewController.swift */; };
		68FFBEAF20EAB8A600379616 /* Main.storyboard in Resources */ = {isa = PBXBuildFile; fileRef = 68FFBEAD20EAB8A600379616 /* Main.storyboard */; };
		68FFBEB220EAB8A600379616 /* ChordMaster.xcdatamodeld in Sources */ = {isa = PBXBuildFile; fileRef = 68FFBEB020EAB8A600379616 /* ChordMaster.xcdatamodeld */; };
		68FFBEB420EAB8AA00379616 /* Assets.xcassets in Resources */ = {isa = PBXBuildFile; fileRef = 68FFBEB320EAB8AA00379616 /* Assets.xcassets */; };
		68FFBEB720EAB8AA00379616 /* LaunchScreen.storyboard in Resources */ = {isa = PBXBuildFile; fileRef = 68FFBEB520EAB8AA00379616 /* LaunchScreen.storyboard */; };
		68FFBED020EAC29F00379616 /* BasicNotes+CoreDataClass.swift in Sources */ = {isa = PBXBuildFile; fileRef = 68FFBECA20EAC29F00379616 /* BasicNotes+CoreDataClass.swift */; };
		68FFBED120EAC29F00379616 /* BasicNotes+CoreDataProperties.swift in Sources */ = {isa = PBXBuildFile; fileRef = 68FFBECB20EAC29F00379616 /* BasicNotes+CoreDataProperties.swift */; };
		68FFBED220EAC29F00379616 /* ChordBase+CoreDataClass.swift in Sources */ = {isa = PBXBuildFile; fileRef = 68FFBECC20EAC29F00379616 /* ChordBase+CoreDataClass.swift */; };
		68FFBED320EAC29F00379616 /* ChordBase+CoreDataProperties.swift in Sources */ = {isa = PBXBuildFile; fileRef = 68FFBECD20EAC29F00379616 /* ChordBase+CoreDataProperties.swift */; };
		68FFBED720EB60AE00379616 /* Chords.swift in Sources */ = {isa = PBXBuildFile; fileRef = 68FFBED620EB60AE00379616 /* Chords.swift */; };
		68FFBED920EB61E200379616 /* Notes.swift in Sources */ = {isa = PBXBuildFile; fileRef = 68FFBED820EB61E200379616 /* Notes.swift */; };
		68FFBEDF20EC8C9900379616 /* Utils.swift in Sources */ = {isa = PBXBuildFile; fileRef = 68FFBEDE20EC8C9900379616 /* Utils.swift */; };
		68FFBEE120ED6AE900379616 /* DBAccess.swift in Sources */ = {isa = PBXBuildFile; fileRef = 68FFBEE020ED6AE900379616 /* DBAccess.swift */; };
/* End PBXBuildFile section */

/* Begin PBXFileReference section */
		68D2DC7020EFEECF00B225DC /* Const.swift */ = {isa = PBXFileReference; lastKnownFileType = sourcecode.swift; path = Const.swift; sourceTree = "<group>"; };
		68D2DC7220F20E2A00B225DC /* Chord+CoreDataClass.swift */ = {isa = PBXFileReference; lastKnownFileType = sourcecode.swift; path = "Chord+CoreDataClass.swift"; sourceTree = "<group>"; };
		68D2DC7320F20E2A00B225DC /* Chord+CoreDataProperties.swift */ = {isa = PBXFileReference; lastKnownFileType = sourcecode.swift; path = "Chord+CoreDataProperties.swift"; sourceTree = "<group>"; };
		68D2DC7620F2A38500B225DC /* ChordCell.swift */ = {isa = PBXFileReference; lastKnownFileType = sourcecode.swift; path = ChordCell.swift; sourceTree = "<group>"; };
		68FFBEA620EAB8A600379616 /* ChordMaster.app */ = {isa = PBXFileReference; explicitFileType = wrapper.application; includeInIndex = 0; path = ChordMaster.app; sourceTree = BUILT_PRODUCTS_DIR; };
		68FFBEA920EAB8A600379616 /* AppDelegate.swift */ = {isa = PBXFileReference; lastKnownFileType = sourcecode.swift; path = AppDelegate.swift; sourceTree = "<group>"; };
		68FFBEAB20EAB8A600379616 /* MainViewController.swift */ = {isa = PBXFileReference; lastKnownFileType = sourcecode.swift; path = MainViewController.swift; sourceTree = "<group>"; };
		68FFBEAE20EAB8A600379616 /* Base */ = {isa = PBXFileReference; lastKnownFileType = file.storyboard; name = Base; path = Base.lproj/Main.storyboard; sourceTree = "<group>"; };
		68FFBEB120EAB8A600379616 /* ChordMaster.xcdatamodel */ = {isa = PBXFileReference; lastKnownFileType = wrapper.xcdatamodel; path = ChordMaster.xcdatamodel; sourceTree = "<group>"; };
		68FFBEB320EAB8AA00379616 /* Assets.xcassets */ = {isa = PBXFileReference; lastKnownFileType = folder.assetcatalog; path = Assets.xcassets; sourceTree = "<group>"; };
		68FFBEB620EAB8AA00379616 /* Base */ = {isa = PBXFileReference; lastKnownFileType = file.storyboard; name = Base; path = Base.lproj/LaunchScreen.storyboard; sourceTree = "<group>"; };
		68FFBEB820EAB8AA00379616 /* Info.plist */ = {isa = PBXFileReference; lastKnownFileType = text.plist.xml; path = Info.plist; sourceTree = "<group>"; };
		68FFBECA20EAC29F00379616 /* BasicNotes+CoreDataClass.swift */ = {isa = PBXFileReference; lastKnownFileType = sourcecode.swift; path = "BasicNotes+CoreDataClass.swift"; sourceTree = "<group>"; };
		68FFBECB20EAC29F00379616 /* BasicNotes+CoreDataProperties.swift */ = {isa = PBXFileReference; lastKnownFileType = sourcecode.swift; path = "BasicNotes+CoreDataProperties.swift"; sourceTree = "<group>"; };
		68FFBECC20EAC29F00379616 /* ChordBase+CoreDataClass.swift */ = {isa = PBXFileReference; lastKnownFileType = sourcecode.swift; path = "ChordBase+CoreDataClass.swift"; sourceTree = "<group>"; };
		68FFBECD20EAC29F00379616 /* ChordBase+CoreDataProperties.swift */ = {isa = PBXFileReference; lastKnownFileType = sourcecode.swift; path = "ChordBase+CoreDataProperties.swift"; sourceTree = "<group>"; };
		68FFBED620EB60AE00379616 /* Chords.swift */ = {isa = PBXFileReference; lastKnownFileType = sourcecode.swift; path = Chords.swift; sourceTree = "<group>"; };
		68FFBED820EB61E200379616 /* Notes.swift */ = {isa = PBXFileReference; fileEncoding = 4; lastKnownFileType = sourcecode.swift; path = Notes.swift; sourceTree = "<group>"; };
		68FFBEDE20EC8C9900379616 /* Utils.swift */ = {isa = PBXFileReference; lastKnownFileType = sourcecode.swift; path = Utils.swift; sourceTree = "<group>"; };
		68FFBEE020ED6AE900379616 /* DBAccess.swift */ = {isa = PBXFileReference; lastKnownFileType = sourcecode.swift; path = DBAccess.swift; sourceTree = "<group>"; };
/* End PBXFileReference section */

/* Begin PBXFrameworksBuildPhase section */
		68FFBEA320EAB8A600379616 /* Frameworks */ = {
			isa = PBXFrameworksBuildPhase;
			buildActionMask = 2147483647;
			files = (
			);
			runOnlyForDeploymentPostprocessing = 0;
		};
/* End PBXFrameworksBuildPhase section */

/* Begin PBXGroup section */
		68FFBE9D20EAB8A600379616 = {
			isa = PBXGroup;
			children = (
				68D2DC7220F20E2A00B225DC /* Chord+CoreDataClass.swift */,
				68D2DC7320F20E2A00B225DC /* Chord+CoreDataProperties.swift */,
				68FFBECA20EAC29F00379616 /* BasicNotes+CoreDataClass.swift */,
				68FFBECB20EAC29F00379616 /* BasicNotes+CoreDataProperties.swift */,
				68FFBECC20EAC29F00379616 /* ChordBase+CoreDataClass.swift */,
				68FFBECD20EAC29F00379616 /* ChordBase+CoreDataProperties.swift */,
				68FFBEA820EAB8A600379616 /* ChordMaster */,
				68FFBEA720EAB8A600379616 /* Products */,
			);
			sourceTree = "<group>";
		};
		68FFBEA720EAB8A600379616 /* Products */ = {
			isa = PBXGroup;
			children = (
				68FFBEA620EAB8A600379616 /* ChordMaster.app */,
			);
			name = Products;
			sourceTree = "<group>";
		};
		68FFBEA820EAB8A600379616 /* ChordMaster */ = {
			isa = PBXGroup;
			children = (
				68D2DC7020EFEECF00B225DC /* Const.swift */,
				68FFBED820EB61E200379616 /* Notes.swift */,
				68FFBED620EB60AE00379616 /* Chords.swift */,
				68FFBEA920EAB8A600379616 /* AppDelegate.swift */,
				68FFBEAB20EAB8A600379616 /* MainViewController.swift */,
				68D2DC7620F2A38500B225DC /* ChordCell.swift */,
				68FFBEDE20EC8C9900379616 /* Utils.swift */,
				68FFBEE020ED6AE900379616 /* DBAccess.swift */,
				68FFBEAD20EAB8A600379616 /* Main.storyboard */,
				68FFBEB320EAB8AA00379616 /* Assets.xcassets */,
				68FFBEB520EAB8AA00379616 /* LaunchScreen.storyboard */,
				68FFBEB820EAB8AA00379616 /* Info.plist */,
				68FFBEB020EAB8A600379616 /* ChordMaster.xcdatamodeld */,
			);
			path = ChordMaster;
			sourceTree = "<group>";
		};
/* End PBXGroup section */

/* Begin PBXNativeTarget section */
		68FFBEA520EAB8A600379616 /* ChordMaster */ = {
			isa = PBXNativeTarget;
			buildConfigurationList = 68FFBEBB20EAB8AA00379616 /* Build configuration list for PBXNativeTarget "ChordMaster" */;
			buildPhases = (
				68FFBEA220EAB8A600379616 /* Sources */,
				68FFBEA320EAB8A600379616 /* Frameworks */,
				68FFBEA420EAB8A600379616 /* Resources */,
			);
			buildRules = (
			);
			dependencies = (
			);
			name = ChordMaster;
			productName = ChordMaster;
			productReference = 68FFBEA620EAB8A600379616 /* ChordMaster.app */;
			productType = "com.apple.product-type.application";
		};
/* End PBXNativeTarget section */

/* Begin PBXProject section */
		68FFBE9E20EAB8A600379616 /* Project object */ = {
			isa = PBXProject;
			attributes = {
				LastSwiftUpdateCheck = 0930;
				LastUpgradeCheck = 0930;
				ORGANIZATIONNAME = 9bit.co;
				TargetAttributes = {
					68FFBEA520EAB8A600379616 = {
						CreatedOnToolsVersion = 9.3.1;
					};
				};
			};
			buildConfigurationList = 68FFBEA120EAB8A600379616 /* Build configuration list for PBXProject "ChordMaster" */;
			compatibilityVersion = "Xcode 9.3";
			developmentRegion = en;
			hasScannedForEncodings = 0;
			knownRegions = (
				en,
				Base,
			);
			mainGroup = 68FFBE9D20EAB8A600379616;
			productRefGroup = 68FFBEA720EAB8A600379616 /* Products */;
			projectDirPath = "";
			projectRoot = "";
			targets = (
				68FFBEA520EAB8A600379616 /* ChordMaster */,
			);
		};
/* End PBXProject section */

/* Begin PBXResourcesBuildPhase section */
		68FFBEA420EAB8A600379616 /* Resources */ = {
			isa = PBXResourcesBuildPhase;
			buildActionMask = 2147483647;
			files = (
				68FFBEB720EAB8AA00379616 /* LaunchScreen.storyboard in Resources */,
				68FFBEB420EAB8AA00379616 /* Assets.xcassets in Resources */,
				68FFBEAF20EAB8A600379616 /* Main.storyboard in Resources */,
			);
			runOnlyForDeploymentPostprocessing = 0;
		};
/* End PBXResourcesBuildPhase section */

/* Begin PBXSourcesBuildPhase section */
		68FFBEA220EAB8A600379616 /* Sources */ = {
			isa = PBXSourcesBuildPhase;
			buildActionMask = 2147483647;
			files = (
				68D2DC7520F20E2A00B225DC /* Chord+CoreDataProperties.swift in Sources */,
				68FFBEE120ED6AE900379616 /* DBAccess.swift in Sources */,
				68FFBED120EAC29F00379616 /* BasicNotes+CoreDataProperties.swift in Sources */,
				68FFBED220EAC29F00379616 /* ChordBase+CoreDataClass.swift in Sources */,
				68FFBED020EAC29F00379616 /* BasicNotes+CoreDataClass.swift in Sources */,
				68FFBEB220EAB8A600379616 /* ChordMaster.xcdatamodeld in Sources */,
				68D2DC7720F2A38500B225DC /* ChordCell.swift in Sources */,
				68FFBED920EB61E200379616 /* Notes.swift in Sources */,
				68FFBED720EB60AE00379616 /* Chords.swift in Sources */,
				68FFBEAC20EAB8A600379616 /* MainViewController.swift in Sources */,
				68FFBED320EAC29F00379616 /* ChordBase+CoreDataProperties.swift in Sources */,
				68FFBEAA20EAB8A600379616 /* AppDelegate.swift in Sources */,
				68D2DC7420F20E2A00B225DC /* Chord+CoreDataClass.swift in Sources */,
				68FFBEDF20EC8C9900379616 /* Utils.swift in Sources */,
				68D2DC7120EFEECF00B225DC /* Const.swift in Sources */,
			);
			runOnlyForDeploymentPostprocessing = 0;
		};
/* End PBXSourcesBuildPhase section */

/* Begin PBXVariantGroup section */
		68FFBEAD20EAB8A600379616 /* Main.storyboard */ = {
			isa = PBXVariantGroup;
			children = (
				68FFBEAE20EAB8A600379616 /* Base */,
			);
			name = Main.storyboard;
			sourceTree = "<group>";
		};
		68FFBEB520EAB8AA00379616 /* LaunchScreen.storyboard */ = {
			isa = PBXVariantGroup;
			children = (
				68FFBEB620EAB8AA00379616 /* Base */,
			);
			name = LaunchScreen.storyboard;
			sourceTree = "<group>";
		};
/* End PBXVariantGroup section */

/* Begin XCBuildConfiguration section */
		68FFBEB920EAB8AA00379616 /* Debug */ = {
			isa = XCBuildConfiguration;
			buildSettings = {
				ALWAYS_SEARCH_USER_PATHS = NO;
				CLANG_ANALYZER_NONNULL = YES;
				CLANG_ANALYZER_NUMBER_OBJECT_CONVERSION = YES_AGGRESSIVE;
				CLANG_CXX_LANGUAGE_STANDARD = "gnu++14";
				CLANG_CXX_LIBRARY = "libc++";
				CLANG_ENABLE_MODULES = YES;
				CLANG_ENABLE_OBJC_ARC = YES;
				CLANG_ENABLE_OBJC_WEAK = YES;
				CLANG_WARN_BLOCK_CAPTURE_AUTORELEASING = YES;
				CLANG_WARN_BOOL_CONVERSION = YES;
				CLANG_WARN_COMMA = YES;
				CLANG_WARN_CONSTANT_CONVERSION = YES;
				CLANG_WARN_DEPRECATED_OBJC_IMPLEMENTATIONS = YES;
				CLANG_WARN_DIRECT_OBJC_ISA_USAGE = YES_ERROR;
				CLANG_WARN_DOCUMENTATION_COMMENTS = YES;
				CLANG_WARN_EMPTY_BODY = YES;
				CLANG_WARN_ENUM_CONVERSION = YES;
				CLANG_WARN_INFINITE_RECURSION = YES;
				CLANG_WARN_INT_CONVERSION = YES;
				CLANG_WARN_NON_LITERAL_NULL_CONVERSION = YES;
				CLANG_WARN_OBJC_IMPLICIT_RETAIN_SELF = YES;
				CLANG_WARN_OBJC_LITERAL_CONVERSION = YES;
				CLANG_WARN_OBJC_ROOT_CLASS = YES_ERROR;
				CLANG_WARN_RANGE_LOOP_ANALYSIS = YES;
				CLANG_WARN_STRICT_PROTOTYPES = YES;
				CLANG_WARN_SUSPICIOUS_MOVE = YES;
				CLANG_WARN_UNGUARDED_AVAILABILITY = YES_AGGRESSIVE;
				CLANG_WARN_UNREACHABLE_CODE = YES;
				CLANG_WARN__DUPLICATE_METHOD_MATCH = YES;
				CODE_SIGN_IDENTITY = "iPhone Developer";
				COPY_PHASE_STRIP = NO;
				DEBUG_INFORMATION_FORMAT = dwarf;
				ENABLE_STRICT_OBJC_MSGSEND = YES;
				ENABLE_TESTABILITY = YES;
				GCC_C_LANGUAGE_STANDARD = gnu11;
				GCC_DYNAMIC_NO_PIC = NO;
				GCC_NO_COMMON_BLOCKS = YES;
				GCC_OPTIMIZATION_LEVEL = 0;
				GCC_PREPROCESSOR_DEFINITIONS = (
					"DEBUG=1",
					"$(inherited)",
				);
				GCC_WARN_64_TO_32_BIT_CONVERSION = YES;
				GCC_WARN_ABOUT_RETURN_TYPE = YES_ERROR;
				GCC_WARN_UNDECLARED_SELECTOR = YES;
				GCC_WARN_UNINITIALIZED_AUTOS = YES_AGGRESSIVE;
				GCC_WARN_UNUSED_FUNCTION = YES;
				GCC_WARN_UNUSED_VARIABLE = YES;
				IPHONEOS_DEPLOYMENT_TARGET = 11.3;
				MTL_ENABLE_DEBUG_INFO = YES;
				ONLY_ACTIVE_ARCH = YES;
				SDKROOT = iphoneos;
				SWIFT_ACTIVE_COMPILATION_CONDITIONS = DEBUG;
				SWIFT_OPTIMIZATION_LEVEL = "-Onone";
			};
			name = Debug;
		};
		68FFBEBA20EAB8AA00379616 /* Release */ = {
			isa = XCBuildConfiguration;
			buildSettings = {
				ALWAYS_SEARCH_USER_PATHS = NO;
				CLANG_ANALYZER_NONNULL = YES;
				CLANG_ANALYZER_NUMBER_OBJECT_CONVERSION = YES_AGGRESSIVE;
				CLANG_CXX_LANGUAGE_STANDARD = "gnu++14";
				CLANG_CXX_LIBRARY = "libc++";
				CLANG_ENABLE_MODULES = YES;
				CLANG_ENABLE_OBJC_ARC = YES;
				CLANG_ENABLE_OBJC_WEAK = YES;
				CLANG_WARN_BLOCK_CAPTURE_AUTORELEASING = YES;
				CLANG_WARN_BOOL_CONVERSION = YES;
				CLANG_WARN_COMMA = YES;
				CLANG_WARN_CONSTANT_CONVERSION = YES;
				CLANG_WARN_DEPRECATED_OBJC_IMPLEMENTATIONS = YES;
				CLANG_WARN_DIRECT_OBJC_ISA_USAGE = YES_ERROR;
				CLANG_WARN_DOCUMENTATION_COMMENTS = YES;
				CLANG_WARN_EMPTY_BODY = YES;
				CLANG_WARN_ENUM_CONVERSION = YES;
				CLANG_WARN_INFINITE_RECURSION = YES;
				CLANG_WARN_INT_CONVERSION = YES;
				CLANG_WARN_NON_LITERAL_NULL_CONVERSION = YES;
				CLANG_WARN_OBJC_IMPLICIT_RETAIN_SELF = YES;
				CLANG_WARN_OBJC_LITERAL_CONVERSION = YES;
				CLANG_WARN_OBJC_ROOT_CLASS = YES_ERROR;
				CLANG_WARN_RANGE_LOOP_ANALYSIS = YES;
				CLANG_WARN_STRICT_PROTOTYPES = YES;
				CLANG_WARN_SUSPICIOUS_MOVE = YES;
				CLANG_WARN_UNGUARDED_AVAILABILITY = YES_AGGRESSIVE;
				CLANG_WARN_UNREACHABLE_CODE = YES;
				CLANG_WARN__DUPLICATE_METHOD_MATCH = YES;
				CODE_SIGN_IDENTITY = "iPhone Developer";
				COPY_PHASE_STRIP = NO;
				DEBUG_INFORMATION_FORMAT = "dwarf-with-dsym";
				ENABLE_NS_ASSERTIONS = NO;
				ENABLE_STRICT_OBJC_MSGSEND = YES;
				GCC_C_LANGUAGE_STANDARD = gnu11;
				GCC_NO_COMMON_BLOCKS = YES;
				GCC_WARN_64_TO_32_BIT_CONVERSION = YES;
				GCC_WARN_ABOUT_RETURN_TYPE = YES_ERROR;
				GCC_WARN_UNDECLARED_SELECTOR = YES;
				GCC_WARN_UNINITIALIZED_AUTOS = YES_AGGRESSIVE;
				GCC_WARN_UNUSED_FUNCTION = YES;
				GCC_WARN_UNUSED_VARIABLE = YES;
				IPHONEOS_DEPLOYMENT_TARGET = 11.3;
				MTL_ENABLE_DEBUG_INFO = NO;
				SDKROOT = iphoneos;
				SWIFT_COMPILATION_MODE = wholemodule;
				SWIFT_OPTIMIZATION_LEVEL = "-O";
				VALIDATE_PRODUCT = YES;
			};
			name = Release;
		};
		68FFBEBC20EAB8AA00379616 /* Debug */ = {
			isa = XCBuildConfiguration;
			buildSettings = {
				ASSETCATALOG_COMPILER_APPICON_NAME = AppIcon;
				CODE_SIGN_STYLE = Automatic;
				DEVELOPMENT_TEAM = W27869H45N;
				INFOPLIST_FILE = ChordMaster/Info.plist;
				LD_RUNPATH_SEARCH_PATHS = (
					"$(inherited)",
					"@executable_path/Frameworks",
				);
				PRODUCT_BUNDLE_IDENTIFIER = "-bit.ChordMaster";
				PRODUCT_NAME = "$(TARGET_NAME)";
				SWIFT_VERSION = 4.0;
				TARGETED_DEVICE_FAMILY = "1,2";
			};
			name = Debug;
		};
		68FFBEBD20EAB8AA00379616 /* Release */ = {
			isa = XCBuildConfiguration;
			buildSettings = {
				ASSETCATALOG_COMPILER_APPICON_NAME = AppIcon;
				CODE_SIGN_STYLE = Automatic;
				DEVELOPMENT_TEAM = W27869H45N;
				INFOPLIST_FILE = ChordMaster/Info.plist;
				LD_RUNPATH_SEARCH_PATHS = (
					"$(inherited)",
					"@executable_path/Frameworks",
				);
				PRODUCT_BUNDLE_IDENTIFIER = "-bit.ChordMaster";
				PRODUCT_NAME = "$(TARGET_NAME)";
				SWIFT_VERSION = 4.0;
				TARGETED_DEVICE_FAMILY = "1,2";
			};
			name = Release;
		};
/* End XCBuildConfiguration section */

/* Begin XCConfigurationList section */
		68FFBEA120EAB8A600379616 /* Build configuration list for PBXProject "ChordMaster" */ = {
			isa = XCConfigurationList;
			buildConfigurations = (
				68FFBEB920EAB8AA00379616 /* Debug */,
				68FFBEBA20EAB8AA00379616 /* Release */,
			);
			defaultConfigurationIsVisible = 0;
			defaultConfigurationName = Release;
		};
		68FFBEBB20EAB8AA00379616 /* Build configuration list for PBXNativeTarget "ChordMaster" */ = {
			isa = XCConfigurationList;
			buildConfigurations = (
				68FFBEBC20EAB8AA00379616 /* Debug */,
				68FFBEBD20EAB8AA00379616 /* Release */,
			);
			defaultConfigurationIsVisible = 0;
			defaultConfigurationName = Release;
		};
/* End XCConfigurationList section */

/* Begin XCVersionGroup section */
		68FFBEB020EAB8A600379616 /* ChordMaster.xcdatamodeld */ = {
			isa = XCVersionGroup;
			children = (
				68FFBEB120EAB8A600379616 /* ChordMaster.xcdatamodel */,
			);
			currentVersion = 68FFBEB120EAB8A600379616 /* ChordMaster.xcdatamodel */;
			path = ChordMaster.xcdatamodeld;
			sourceTree = "<group>";
			versionGroupType = wrapper.xcdatamodel;
		};
/* End XCVersionGroup section */
	};
	rootObject = 68FFBE9E20EAB8A600379616 /* Project object */;
}
